// !$*UTF8*$!
{
	archiveVersion = 1;
	classes = {
	};
	objectVersion = 77;
	objects = {

/* Begin PBXBuildFile section */
		B83C56642ED0F5560055D53B /* Auth in Frameworks */ = {isa = PBXBuildFile; productRef = B83C56632ED0F5560055D53B /* Auth */; };
		B83C56662ED0F5560055D53B /* Functions in Frameworks */ = {isa = PBXBuildFile; productRef = B83C56652ED0F5560055D53B /* Functions */; };
		B83C56682ED0F5560055D53B /* PostgREST in Frameworks */ = {isa = PBXBuildFile; productRef = B83C56672ED0F5560055D53B /* PostgREST */; };
		B83C566A2ED0F5560055D53B /* Realtime in Frameworks */ = {isa = PBXBuildFile; productRef = B83C56692ED0F5560055D53B /* Realtime */; };
		B83C566C2ED0F5560055D53B /* Storage in Frameworks */ = {isa = PBXBuildFile; productRef = B83C566B2ED0F5560055D53B /* Storage */; };
		B83C566E2ED0F5560055D53B /* Supabase in Frameworks */ = {isa = PBXBuildFile; productRef = B83C566D2ED0F5560055D53B /* Supabase */; };
/* End PBXBuildFile section */

/* Begin PBXContainerItemProxy section */
		B89CD70F2EAC048E00ABD41E /* PBXContainerItemProxy */ = {
			isa = PBXContainerItemProxy;
			containerPortal = B89CD6F72EAC048C00ABD41E /* Project object */;
			proxyType = 1;
			remoteGlobalIDString = B89CD6FE2EAC048C00ABD41E;
			remoteInfo = meald;
		};
		B89CD7192EAC048E00ABD41E /* PBXContainerItemProxy */ = {
			isa = PBXContainerItemProxy;
			containerPortal = B89CD6F72EAC048C00ABD41E /* Project object */;
			proxyType = 1;
			remoteGlobalIDString = B89CD6FE2EAC048C00ABD41E;
			remoteInfo = meald;
		};
/* End PBXContainerItemProxy section */

/* Begin PBXFileReference section */
		B89CD6FF2EAC048C00ABD41E /* meald.app */ = {isa = PBXFileReference; explicitFileType = wrapper.application; includeInIndex = 0; path = meald.app; sourceTree = BUILT_PRODUCTS_DIR; };
		B89CD70E2EAC048E00ABD41E /* mealdTests.xctest */ = {isa = PBXFileReference; explicitFileType = wrapper.cfbundle; includeInIndex = 0; path = mealdTests.xctest; sourceTree = BUILT_PRODUCTS_DIR; };
		B89CD7182EAC048E00ABD41E /* mealdUITests.xctest */ = {isa = PBXFileReference; explicitFileType = wrapper.cfbundle; includeInIndex = 0; path = mealdUITests.xctest; sourceTree = BUILT_PRODUCTS_DIR; };
/* End PBXFileReference section */

/* Begin PBXFileSystemSynchronizedBuildFileExceptionSet section */
		B8F50BD82EDB812B007A814C /* Exceptions for "meald" folder in "meald" target */ = {
			isa = PBXFileSystemSynchronizedBuildFileExceptionSet;
			membershipExceptions = (
				Info.plist,
			);
			target = B89CD6FE2EAC048C00ABD41E /* meald */;
		};
/* End PBXFileSystemSynchronizedBuildFileExceptionSet section */

/* Begin PBXFileSystemSynchronizedRootGroup section */
		B89CD7012EAC048C00ABD41E /* meald */ = {
			isa = PBXFileSystemSynchronizedRootGroup;
			exceptions = (
				B8F50BD82EDB812B007A814C /* Exceptions for "meald" folder in "meald" target */,
			);
			path = meald;
			sourceTree = "<group>";
		};
		B89CD7112EAC048E00ABD41E /* mealdTests */ = {
			isa = PBXFileSystemSynchronizedRootGroup;
			path = mealdTests;
			sourceTree = "<group>";
		};
		B89CD71B2EAC048E00ABD41E /* mealdUITests */ = {
			isa = PBXFileSystemSynchronizedRootGroup;
			path = mealdUITests;
			sourceTree = "<group>";
		};
/* End PBXFileSystemSynchronizedRootGroup section */

/* Begin PBXFrameworksBuildPhase section */
		B89CD6FC2EAC048C00ABD41E /* Frameworks */ = {
			isa = PBXFrameworksBuildPhase;
			buildActionMask = 2147483647;
			files = (
				B83C56682ED0F5560055D53B /* PostgREST in Frameworks */,
				B83C56662ED0F5560055D53B /* Functions in Frameworks */,
				B83C566E2ED0F5560055D53B /* Supabase in Frameworks */,
				B83C56642ED0F5560055D53B /* Auth in Frameworks */,
				B83C566C2ED0F5560055D53B /* Storage in Frameworks */,
				B83C566A2ED0F5560055D53B /* Realtime in Frameworks */,
			);
			runOnlyForDeploymentPostprocessing = 0;
		};
		B89CD70B2EAC048E00ABD41E /* Frameworks */ = {
			isa = PBXFrameworksBuildPhase;
			buildActionMask = 2147483647;
			files = (
			);
			runOnlyForDeploymentPostprocessing = 0;
		};
		B89CD7152EAC048E00ABD41E /* Frameworks */ = {
			isa = PBXFrameworksBuildPhase;
			buildActionMask = 2147483647;
			files = (
			);
			runOnlyForDeploymentPostprocessing = 0;
		};
/* End PBXFrameworksBuildPhase section */

/* Begin PBXGroup section */
		B89CD6F62EAC048C00ABD41E = {
			isa = PBXGroup;
			children = (
				B89CD7012EAC048C00ABD41E /* meald */,
				B89CD7112EAC048E00ABD41E /* mealdTests */,
				B89CD71B2EAC048E00ABD41E /* mealdUITests */,
				B89CD7002EAC048C00ABD41E /* Products */,
			);
			sourceTree = "<group>";
		};
		B89CD7002EAC048C00ABD41E /* Products */ = {
			isa = PBXGroup;
			children = (
				B89CD6FF2EAC048C00ABD41E /* meald.app */,
				B89CD70E2EAC048E00ABD41E /* mealdTests.xctest */,
				B89CD7182EAC048E00ABD41E /* mealdUITests.xctest */,
			);
			name = Products;
			sourceTree = "<group>";
		};
/* End PBXGroup section */

/* Begin PBXNativeTarget section */
		B89CD6FE2EAC048C00ABD41E /* meald */ = {
			isa = PBXNativeTarget;
			buildConfigurationList = B89CD7222EAC048E00ABD41E /* Build configuration list for PBXNativeTarget "meald" */;
			buildPhases = (
				B89CD6FB2EAC048C00ABD41E /* Sources */,
				B89CD6FC2EAC048C00ABD41E /* Frameworks */,
				B89CD6FD2EAC048C00ABD41E /* Resources */,
			);
			buildRules = (
			);
			dependencies = (
			);
			fileSystemSynchronizedGroups = (
				B89CD7012EAC048C00ABD41E /* meald */,
			);
			name = meald;
			packageProductDependencies = (
				B83C56632ED0F5560055D53B /* Auth */,
				B83C56652ED0F5560055D53B /* Functions */,
				B83C56672ED0F5560055D53B /* PostgREST */,
				B83C56692ED0F5560055D53B /* Realtime */,
				B83C566B2ED0F5560055D53B /* Storage */,
				B83C566D2ED0F5560055D53B /* Supabase */,
			);
			productName = meald;
			productReference = B89CD6FF2EAC048C00ABD41E /* meald.app */;
			productType = "com.apple.product-type.application";
		};
		B89CD70D2EAC048E00ABD41E /* mealdTests */ = {
			isa = PBXNativeTarget;
			buildConfigurationList = B89CD7252EAC048E00ABD41E /* Build configuration list for PBXNativeTarget "mealdTests" */;
			buildPhases = (
				B89CD70A2EAC048E00ABD41E /* Sources */,
				B89CD70B2EAC048E00ABD41E /* Frameworks */,
				B89CD70C2EAC048E00ABD41E /* Resources */,
			);
			buildRules = (
			);
			dependencies = (
				B89CD7102EAC048E00ABD41E /* PBXTargetDependency */,
			);
			fileSystemSynchronizedGroups = (
				B89CD7112EAC048E00ABD41E /* mealdTests */,
			);
			name = mealdTests;
			packageProductDependencies = (
			);
			productName = mealdTests;
			productReference = B89CD70E2EAC048E00ABD41E /* mealdTests.xctest */;
			productType = "com.apple.product-type.bundle.unit-test";
		};
		B89CD7172EAC048E00ABD41E /* mealdUITests */ = {
			isa = PBXNativeTarget;
			buildConfigurationList = B89CD7282EAC048E00ABD41E /* Build configuration list for PBXNativeTarget "mealdUITests" */;
			buildPhases = (
				B89CD7142EAC048E00ABD41E /* Sources */,
				B89CD7152EAC048E00ABD41E /* Frameworks */,
				B89CD7162EAC048E00ABD41E /* Resources */,
			);
			buildRules = (
			);
			dependencies = (
				B89CD71A2EAC048E00ABD41E /* PBXTargetDependency */,
			);
			fileSystemSynchronizedGroups = (
				B89CD71B2EAC048E00ABD41E /* mealdUITests */,
			);
			name = mealdUITests;
			packageProductDependencies = (
			);
			productName = mealdUITests;
			productReference = B89CD7182EAC048E00ABD41E /* mealdUITests.xctest */;
			productType = "com.apple.product-type.bundle.ui-testing";
		};
/* End PBXNativeTarget section */

/* Begin PBXProject section */
		B89CD6F72EAC048C00ABD41E /* Project object */ = {
			isa = PBXProject;
			attributes = {
				BuildIndependentTargetsInParallel = 1;
				LastSwiftUpdateCheck = 2600;
				LastUpgradeCheck = 2600;
				TargetAttributes = {
					B89CD6FE2EAC048C00ABD41E = {
						CreatedOnToolsVersion = 26.0.1;
					};
					B89CD70D2EAC048E00ABD41E = {
						CreatedOnToolsVersion = 26.0.1;
						TestTargetID = B89CD6FE2EAC048C00ABD41E;
					};
					B89CD7172EAC048E00ABD41E = {
						CreatedOnToolsVersion = 26.0.1;
						TestTargetID = B89CD6FE2EAC048C00ABD41E;
					};
				};
			};
			buildConfigurationList = B89CD6FA2EAC048C00ABD41E /* Build configuration list for PBXProject "meald" */;
			developmentRegion = en;
			hasScannedForEncodings = 0;
			knownRegions = (
				en,
				Base,
			);
			mainGroup = B89CD6F62EAC048C00ABD41E;
			minimizedProjectReferenceProxies = 1;
			packageReferences = (
				B83C56602ED0F4C20055D53B /* XCRemoteSwiftPackageReference "supabase-swift" */,
			);
			preferredProjectObjectVersion = 77;
			productRefGroup = B89CD7002EAC048C00ABD41E /* Products */;
			projectDirPath = "";
			projectRoot = "";
			targets = (
				B89CD6FE2EAC048C00ABD41E /* meald */,
				B89CD70D2EAC048E00ABD41E /* mealdTests */,
				B89CD7172EAC048E00ABD41E /* mealdUITests */,
			);
		};
/* End PBXProject section */

/* Begin PBXResourcesBuildPhase section */
		B89CD6FD2EAC048C00ABD41E /* Resources */ = {
			isa = PBXResourcesBuildPhase;
			buildActionMask = 2147483647;
			files = (
			);
			runOnlyForDeploymentPostprocessing = 0;
		};
		B89CD70C2EAC048E00ABD41E /* Resources */ = {
			isa = PBXResourcesBuildPhase;
			buildActionMask = 2147483647;
			files = (
			);
			runOnlyForDeploymentPostprocessing = 0;
		};
		B89CD7162EAC048E00ABD41E /* Resources */ = {
			isa = PBXResourcesBuildPhase;
			buildActionMask = 2147483647;
			files = (
			);
			runOnlyForDeploymentPostprocessing = 0;
		};
/* End PBXResourcesBuildPhase section */

/* Begin PBXSourcesBuildPhase section */
		B89CD6FB2EAC048C00ABD41E /* Sources */ = {
			isa = PBXSourcesBuildPhase;
			buildActionMask = 2147483647;
			files = (
			);
			runOnlyForDeploymentPostprocessing = 0;
		};
		B89CD70A2EAC048E00ABD41E /* Sources */ = {
			isa = PBXSourcesBuildPhase;
			buildActionMask = 2147483647;
			files = (
			);
			runOnlyForDeploymentPostprocessing = 0;
		};
		B89CD7142EAC048E00ABD41E /* Sources */ = {
			isa = PBXSourcesBuildPhase;
			buildActionMask = 2147483647;
			files = (
			);
			runOnlyForDeploymentPostprocessing = 0;
		};
/* End PBXSourcesBuildPhase section */

/* Begin PBXTargetDependency section */
		B89CD7102EAC048E00ABD41E /* PBXTargetDependency */ = {
			isa = PBXTargetDependency;
			target = B89CD6FE2EAC048C00ABD41E /* meald */;
			targetProxy = B89CD70F2EAC048E00ABD41E /* PBXContainerItemProxy */;
		};
		B89CD71A2EAC048E00ABD41E /* PBXTargetDependency */ = {
			isa = PBXTargetDependency;
			target = B89CD6FE2EAC048C00ABD41E /* meald */;
			targetProxy = B89CD7192EAC048E00ABD41E /* PBXContainerItemProxy */;
		};
/* End PBXTargetDependency section */

/* Begin XCBuildConfiguration section */
		B89CD7202EAC048E00ABD41E /* Debug */ = {
			isa = XCBuildConfiguration;
			buildSettings = {
				ALWAYS_SEARCH_USER_PATHS = NO;
				ASSETCATALOG_COMPILER_GENERATE_SWIFT_ASSET_SYMBOL_EXTENSIONS = YES;
				CLANG_ANALYZER_NONNULL = YES;
				CLANG_ANALYZER_NUMBER_OBJECT_CONVERSION = YES_AGGRESSIVE;
				CLANG_CXX_LANGUAGE_STANDARD = "gnu++20";
				CLANG_ENABLE_MODULES = YES;
				CLANG_ENABLE_OBJC_ARC = YES;
				CLANG_ENABLE_OBJC_WEAK = YES;
				CLANG_WARN_BLOCK_CAPTURE_AUTORELEASING = YES;
				CLANG_WARN_BOOL_CONVERSION = YES;
				CLANG_WARN_COMMA = YES;
				CLANG_WARN_CONSTANT_CONVERSION = YES;
				CLANG_WARN_DEPRECATED_OBJC_IMPLEMENTATIONS = YES;
				CLANG_WARN_DIRECT_OBJC_ISA_USAGE = YES_ERROR;
				CLANG_WARN_DOCUMENTATION_COMMENTS = YES;
				CLANG_WARN_EMPTY_BODY = YES;
				CLANG_WARN_ENUM_CONVERSION = YES;
				CLANG_WARN_INFINITE_RECURSION = YES;
				CLANG_WARN_INT_CONVERSION = YES;
				CLANG_WARN_NON_LITERAL_NULL_CONVERSION = YES;
				CLANG_WARN_OBJC_IMPLICIT_RETAIN_SELF = YES;
				CLANG_WARN_OBJC_LITERAL_CONVERSION = YES;
				CLANG_WARN_OBJC_ROOT_CLASS = YES_ERROR;
				CLANG_WARN_QUOTED_INCLUDE_IN_FRAMEWORK_HEADER = YES;
				CLANG_WARN_RANGE_LOOP_ANALYSIS = YES;
				CLANG_WARN_STRICT_PROTOTYPES = YES;
				CLANG_WARN_SUSPICIOUS_MOVE = YES;
				CLANG_WARN_UNGUARDED_AVAILABILITY = YES_AGGRESSIVE;
				CLANG_WARN_UNREACHABLE_CODE = YES;
				CLANG_WARN__DUPLICATE_METHOD_MATCH = YES;
				COPY_PHASE_STRIP = NO;
				DEBUG_INFORMATION_FORMAT = dwarf;
				ENABLE_STRICT_OBJC_MSGSEND = YES;
				ENABLE_TESTABILITY = YES;
				ENABLE_USER_SCRIPT_SANDBOXING = YES;
				GCC_C_LANGUAGE_STANDARD = gnu17;
				GCC_DYNAMIC_NO_PIC = NO;
				GCC_NO_COMMON_BLOCKS = YES;
				GCC_OPTIMIZATION_LEVEL = 0;
				GCC_PREPROCESSOR_DEFINITIONS = (
					"DEBUG=1",
					"$(inherited)",
				);
				GCC_WARN_64_TO_32_BIT_CONVERSION = YES;
				GCC_WARN_ABOUT_RETURN_TYPE = YES_ERROR;
				GCC_WARN_UNDECLARED_SELECTOR = YES;
				GCC_WARN_UNINITIALIZED_AUTOS = YES_AGGRESSIVE;
				GCC_WARN_UNUSED_FUNCTION = YES;
				GCC_WARN_UNUSED_VARIABLE = YES;
				IPHONEOS_DEPLOYMENT_TARGET = 26.0;
				LOCALIZATION_PREFERS_STRING_CATALOGS = YES;
				MTL_ENABLE_DEBUG_INFO = INCLUDE_SOURCE;
				MTL_FAST_MATH = YES;
				ONLY_ACTIVE_ARCH = YES;
				SDKROOT = iphoneos;
				SWIFT_ACTIVE_COMPILATION_CONDITIONS = "DEBUG $(inherited)";
				SWIFT_OPTIMIZATION_LEVEL = "-Onone";
			};
			name = Debug;
		};
		B89CD7212EAC048E00ABD41E /* Release */ = {
			isa = XCBuildConfiguration;
			buildSettings = {
				ALWAYS_SEARCH_USER_PATHS = NO;
				ASSETCATALOG_COMPILER_GENERATE_SWIFT_ASSET_SYMBOL_EXTENSIONS = YES;
				CLANG_ANALYZER_NONNULL = YES;
				CLANG_ANALYZER_NUMBER_OBJECT_CONVERSION = YES_AGGRESSIVE;
				CLANG_CXX_LANGUAGE_STANDARD = "gnu++20";
				CLANG_ENABLE_MODULES = YES;
				CLANG_ENABLE_OBJC_ARC = YES;
				CLANG_ENABLE_OBJC_WEAK = YES;
				CLANG_WARN_BLOCK_CAPTURE_AUTORELEASING = YES;
				CLANG_WARN_BOOL_CONVERSION = YES;
				CLANG_WARN_COMMA = YES;
				CLANG_WARN_CONSTANT_CONVERSION = YES;
				CLANG_WARN_DEPRECATED_OBJC_IMPLEMENTATIONS = YES;
				CLANG_WARN_DIRECT_OBJC_ISA_USAGE = YES_ERROR;
				CLANG_WARN_DOCUMENTATION_COMMENTS = YES;
				CLANG_WARN_EMPTY_BODY = YES;
				CLANG_WARN_ENUM_CONVERSION = YES;
				CLANG_WARN_INFINITE_RECURSION = YES;
				CLANG_WARN_INT_CONVERSION = YES;
				CLANG_WARN_NON_LITERAL_NULL_CONVERSION = YES;
				CLANG_WARN_OBJC_IMPLICIT_RETAIN_SELF = YES;
				CLANG_WARN_OBJC_LITERAL_CONVERSION = YES;
				CLANG_WARN_OBJC_ROOT_CLASS = YES_ERROR;
				CLANG_WARN_QUOTED_INCLUDE_IN_FRAMEWORK_HEADER = YES;
				CLANG_WARN_RANGE_LOOP_ANALYSIS = YES;
				CLANG_WARN_STRICT_PROTOTYPES = YES;
				CLANG_WARN_SUSPICIOUS_MOVE = YES;
				CLANG_WARN_UNGUARDED_AVAILABILITY = YES_AGGRESSIVE;
				CLANG_WARN_UNREACHABLE_CODE = YES;
				CLANG_WARN__DUPLICATE_METHOD_MATCH = YES;
				COPY_PHASE_STRIP = NO;
				DEBUG_INFORMATION_FORMAT = "dwarf-with-dsym";
				ENABLE_NS_ASSERTIONS = NO;
				ENABLE_STRICT_OBJC_MSGSEND = YES;
				ENABLE_USER_SCRIPT_SANDBOXING = YES;
				GCC_C_LANGUAGE_STANDARD = gnu17;
				GCC_NO_COMMON_BLOCKS = YES;
				GCC_WARN_64_TO_32_BIT_CONVERSION = YES;
				GCC_WARN_ABOUT_RETURN_TYPE = YES_ERROR;
				GCC_WARN_UNDECLARED_SELECTOR = YES;
				GCC_WARN_UNINITIALIZED_AUTOS = YES_AGGRESSIVE;
				GCC_WARN_UNUSED_FUNCTION = YES;
				GCC_WARN_UNUSED_VARIABLE = YES;
				IPHONEOS_DEPLOYMENT_TARGET = 26.0;
				LOCALIZATION_PREFERS_STRING_CATALOGS = YES;
				MTL_ENABLE_DEBUG_INFO = NO;
				MTL_FAST_MATH = YES;
				SDKROOT = iphoneos;
				SWIFT_COMPILATION_MODE = wholemodule;
				VALIDATE_PRODUCT = YES;
			};
			name = Release;
		};
		B89CD7232EAC048E00ABD41E /* Debug */ = {
			isa = XCBuildConfiguration;
			buildSettings = {
				ASSETCATALOG_COMPILER_APPICON_NAME = AppIcon;
				ASSETCATALOG_COMPILER_GLOBAL_ACCENT_COLOR_NAME = AccentColor;
				CODE_SIGN_ENTITLEMENTS = meald/meald.entitlements;
				CODE_SIGN_STYLE = Automatic;
				CURRENT_PROJECT_VERSION = 1;
				ENABLE_PREVIEWS = YES;
				GENERATE_INFOPLIST_FILE = YES;
				INFOPLIST_FILE = meald/Info.plist;
				INFOPLIST_KEY_UIApplicationSceneManifest_Generation = YES;
				INFOPLIST_KEY_UIApplicationSupportsIndirectInputEvents = YES;
				INFOPLIST_KEY_UILaunchScreen_Generation = YES;
				INFOPLIST_KEY_UISupportedInterfaceOrientations_iPad = "UIInterfaceOrientationPortrait UIInterfaceOrientationPortraitUpsideDown UIInterfaceOrientationLandscapeLeft UIInterfaceOrientationLandscapeRight";
				INFOPLIST_KEY_UISupportedInterfaceOrientations_iPhone = "UIInterfaceOrientationPortrait UIInterfaceOrientationLandscapeLeft UIInterfaceOrientationLandscapeRight";
				LD_RUNPATH_SEARCH_PATHS = (
					"$(inherited)",
					"@executable_path/Frameworks",
				);
				MARKETING_VERSION = 1.0;
				PRODUCT_BUNDLE_IDENTIFIER = hutch.meald;
				PRODUCT_NAME = "$(TARGET_NAME)";
				STRING_CATALOG_GENERATE_SYMBOLS = YES;
				SWIFT_APPROACHABLE_CONCURRENCY = YES;
				SWIFT_DEFAULT_ACTOR_ISOLATION = MainActor;
				SWIFT_EMIT_LOC_STRINGS = YES;
				SWIFT_UPCOMING_FEATURE_MEMBER_IMPORT_VISIBILITY = YES;
				SWIFT_VERSION = 5.0;
				TARGETED_DEVICE_FAMILY = "1,2";
			};
			name = Debug;
		};
		B89CD7242EAC048E00ABD41E /* Release */ = {
			isa = XCBuildConfiguration;
			buildSettings = {
				ASSETCATALOG_COMPILER_APPICON_NAME = AppIcon;
				ASSETCATALOG_COMPILER_GLOBAL_ACCENT_COLOR_NAME = AccentColor;
				CODE_SIGN_ENTITLEMENTS = meald/meald.entitlements;
				CODE_SIGN_STYLE = Automatic;
				CURRENT_PROJECT_VERSION = 1;
				ENABLE_PREVIEWS = YES;
				GENERATE_INFOPLIST_FILE = YES;
				INFOPLIST_FILE = meald/Info.plist;
				INFOPLIST_KEY_UIApplicationSceneManifest_Generation = YES;
				INFOPLIST_KEY_UIApplicationSupportsIndirectInputEvents = YES;
				INFOPLIST_KEY_UILaunchScreen_Generation = YES;
				INFOPLIST_KEY_UISupportedInterfaceOrientations_iPad = "UIInterfaceOrientationPortrait UIInterfaceOrientationPortraitUpsideDown UIInterfaceOrientationLandscapeLeft UIInterfaceOrientationLandscapeRight";
				INFOPLIST_KEY_UISupportedInterfaceOrientations_iPhone = "UIInterfaceOrientationPortrait UIInterfaceOrientationLandscapeLeft UIInterfaceOrientationLandscapeRight";
				LD_RUNPATH_SEARCH_PATHS = (
					"$(inherited)",
					"@executable_path/Frameworks",
				);
				MARKETING_VERSION = 1.0;
				PRODUCT_BUNDLE_IDENTIFIER = hutch.meald;
				PRODUCT_NAME = "$(TARGET_NAME)";
				STRING_CATALOG_GENERATE_SYMBOLS = YES;
				SWIFT_APPROACHABLE_CONCURRENCY = YES;
				SWIFT_DEFAULT_ACTOR_ISOLATION = MainActor;
				SWIFT_EMIT_LOC_STRINGS = YES;
				SWIFT_UPCOMING_FEATURE_MEMBER_IMPORT_VISIBILITY = YES;
				SWIFT_VERSION = 5.0;
				TARGETED_DEVICE_FAMILY = "1,2";
			};
			name = Release;
		};
		B89CD7262EAC048E00ABD41E /* Debug */ = {
			isa = XCBuildConfiguration;
			buildSettings = {
				BUNDLE_LOADER = "$(TEST_HOST)";
				CODE_SIGN_STYLE = Automatic;
				CURRENT_PROJECT_VERSION = 1;
				GENERATE_INFOPLIST_FILE = YES;
				IPHONEOS_DEPLOYMENT_TARGET = 26.0;
				MARKETING_VERSION = 1.0;
				PRODUCT_BUNDLE_IDENTIFIER = hutch.mealdTests;
				PRODUCT_NAME = "$(TARGET_NAME)";
				STRING_CATALOG_GENERATE_SYMBOLS = NO;
				SWIFT_APPROACHABLE_CONCURRENCY = YES;
				SWIFT_EMIT_LOC_STRINGS = NO;
				SWIFT_UPCOMING_FEATURE_MEMBER_IMPORT_VISIBILITY = YES;
				SWIFT_VERSION = 5.0;
				TARGETED_DEVICE_FAMILY = "1,2";
				TEST_HOST = "$(BUILT_PRODUCTS_DIR)/meald.app/$(BUNDLE_EXECUTABLE_FOLDER_PATH)/meald";
			};
			name = Debug;
		};
		B89CD7272EAC048E00ABD41E /* Release */ = {
			isa = XCBuildConfiguration;
			buildSettings = {
				BUNDLE_LOADER = "$(TEST_HOST)";
				CODE_SIGN_STYLE = Automatic;
				CURRENT_PROJECT_VERSION = 1;
				GENERATE_INFOPLIST_FILE = YES;
				IPHONEOS_DEPLOYMENT_TARGET = 26.0;
				MARKETING_VERSION = 1.0;
				PRODUCT_BUNDLE_IDENTIFIER = hutch.mealdTests;
				PRODUCT_NAME = "$(TARGET_NAME)";
				STRING_CATALOG_GENERATE_SYMBOLS = NO;
				SWIFT_APPROACHABLE_CONCURRENCY = YES;
				SWIFT_EMIT_LOC_STRINGS = NO;
				SWIFT_UPCOMING_FEATURE_MEMBER_IMPORT_VISIBILITY = YES;
				SWIFT_VERSION = 5.0;
				TARGETED_DEVICE_FAMILY = "1,2";
				TEST_HOST = "$(BUILT_PRODUCTS_DIR)/meald.app/$(BUNDLE_EXECUTABLE_FOLDER_PATH)/meald";
			};
			name = Release;
		};
		B89CD7292EAC048E00ABD41E /* Debug */ = {
			isa = XCBuildConfiguration;
			buildSettings = {
				CODE_SIGN_STYLE = Automatic;
				CURRENT_PROJECT_VERSION = 1;
				GENERATE_INFOPLIST_FILE = YES;
				MARKETING_VERSION = 1.0;
				PRODUCT_BUNDLE_IDENTIFIER = hutch.mealdUITests;
				PRODUCT_NAME = "$(TARGET_NAME)";
				STRING_CATALOG_GENERATE_SYMBOLS = NO;
				SWIFT_APPROACHABLE_CONCURRENCY = YES;
				SWIFT_EMIT_LOC_STRINGS = NO;
				SWIFT_UPCOMING_FEATURE_MEMBER_IMPORT_VISIBILITY = YES;
				SWIFT_VERSION = 5.0;
				TARGETED_DEVICE_FAMILY = "1,2";
				TEST_TARGET_NAME = meald;
			};
			name = Debug;
		};
		B89CD72A2EAC048E00ABD41E /* Release */ = {
			isa = XCBuildConfiguration;
			buildSettings = {
				CODE_SIGN_STYLE = Automatic;
				CURRENT_PROJECT_VERSION = 1;
				GENERATE_INFOPLIST_FILE = YES;
				MARKETING_VERSION = 1.0;
				PRODUCT_BUNDLE_IDENTIFIER = hutch.mealdUITests;
				PRODUCT_NAME = "$(TARGET_NAME)";
				STRING_CATALOG_GENERATE_SYMBOLS = NO;
				SWIFT_APPROACHABLE_CONCURRENCY = YES;
				SWIFT_EMIT_LOC_STRINGS = NO;
				SWIFT_UPCOMING_FEATURE_MEMBER_IMPORT_VISIBILITY = YES;
				SWIFT_VERSION = 5.0;
				TARGETED_DEVICE_FAMILY = "1,2";
				TEST_TARGET_NAME = meald;
			};
			name = Release;
		};
/* End XCBuildConfiguration section */

/* Begin XCConfigurationList section */
		B89CD6FA2EAC048C00ABD41E /* Build configuration list for PBXProject "meald" */ = {
			isa = XCConfigurationList;
			buildConfigurations = (
				B89CD7202EAC048E00ABD41E /* Debug */,
				B89CD7212EAC048E00ABD41E /* Release */,
			);
			defaultConfigurationIsVisible = 0;
			defaultConfigurationName = Release;
		};
		B89CD7222EAC048E00ABD41E /* Build configuration list for PBXNativeTarget "meald" */ = {
			isa = XCConfigurationList;
			buildConfigurations = (
				B89CD7232EAC048E00ABD41E /* Debug */,
				B89CD7242EAC048E00ABD41E /* Release */,
			);
			defaultConfigurationIsVisible = 0;
			defaultConfigurationName = Release;
		};
		B89CD7252EAC048E00ABD41E /* Build configuration list for PBXNativeTarget "mealdTests" */ = {
			isa = XCConfigurationList;
			buildConfigurations = (
				B89CD7262EAC048E00ABD41E /* Debug */,
				B89CD7272EAC048E00ABD41E /* Release */,
			);
			defaultConfigurationIsVisible = 0;
			defaultConfigurationName = Release;
		};
		B89CD7282EAC048E00ABD41E /* Build configuration list for PBXNativeTarget "mealdUITests" */ = {
			isa = XCConfigurationList;
			buildConfigurations = (
				B89CD7292EAC048E00ABD41E /* Debug */,
				B89CD72A2EAC048E00ABD41E /* Release */,
			);
			defaultConfigurationIsVisible = 0;
			defaultConfigurationName = Release;
		};
/* End XCConfigurationList section */

/* Begin XCRemoteSwiftPackageReference section */
		B83C56602ED0F4C20055D53B /* XCRemoteSwiftPackageReference "supabase-swift" */ = {
			isa = XCRemoteSwiftPackageReference;
			repositoryURL = "https://github.com/supabase-community/supabase-swift";
			requirement = {
				kind = upToNextMajorVersion;
				minimumVersion = 2.5.1;
			};
		};
/* End XCRemoteSwiftPackageReference section */

/* Begin XCSwiftPackageProductDependency section */
		B83C56632ED0F5560055D53B /* Auth */ = {
			isa = XCSwiftPackageProductDependency;
			package = B83C56602ED0F4C20055D53B /* XCRemoteSwiftPackageReference "supabase-swift" */;
			productName = Auth;
		};
		B83C56652ED0F5560055D53B /* Functions */ = {
			isa = XCSwiftPackageProductDependency;
			package = B83C56602ED0F4C20055D53B /* XCRemoteSwiftPackageReference "supabase-swift" */;
			productName = Functions;
		};
		B83C56672ED0F5560055D53B /* PostgREST */ = {
			isa = XCSwiftPackageProductDependency;
			package = B83C56602ED0F4C20055D53B /* XCRemoteSwiftPackageReference "supabase-swift" */;
			productName = PostgREST;
		};
		B83C56692ED0F5560055D53B /* Realtime */ = {
			isa = XCSwiftPackageProductDependency;
			package = B83C56602ED0F4C20055D53B /* XCRemoteSwiftPackageReference "supabase-swift" */;
			productName = Realtime;
		};
		B83C566B2ED0F5560055D53B /* Storage */ = {
			isa = XCSwiftPackageProductDependency;
			package = B83C56602ED0F4C20055D53B /* XCRemoteSwiftPackageReference "supabase-swift" */;
			productName = Storage;
		};
		B83C566D2ED0F5560055D53B /* Supabase */ = {
			isa = XCSwiftPackageProductDependency;
			package = B83C56602ED0F4C20055D53B /* XCRemoteSwiftPackageReference "supabase-swift" */;
			productName = Supabase;
		};
/* End XCSwiftPackageProductDependency section */
	};
	rootObject = B89CD6F72EAC048C00ABD41E /* Project object */;
}
